
Microsoft Visual Studio Solution File, Format Version 12.00
# Visual Studio 2013
VisualStudioVersion = 12.0.31101.0
MinimumVisualStudioVersion = 10.0.40219.1
Project("{8BC9CEB8-8B4A-11D0-8D11-00A0C91BC942}") = "IRR_RPG", "IRR_RPG.vcxproj", "{9E24ABE0-9B3D-4051-BA95-F0727A6165FF}"
EndProject
Global
	GlobalSection(SolutionConfigurationPlatforms) = preSolution
		Full_Debug|Win32 = Full_Debug|Win32
		Full_Release|Win32 = Full_Release|Win32
		Player_Debug|Win32 = Player_Debug|Win32
		Player_Release|Win32 = Player_Release|Win32
	EndGlobalSection
	GlobalSection(ProjectConfigurationPlatforms) = postSolution
		{9E24ABE0-9B3D-4051-BA95-F0727A6165FF}.Full_Debug|Win32.ActiveCfg = Full_Debug|Win32
		{9E24ABE0-9B3D-4051-BA95-F0727A6165FF}.Full_Debug|Win32.Build.0 = Full_Debug|Win32
		{9E24ABE0-9B3D-4051-BA95-F0727A6165FF}.Full_Release|Win32.ActiveCfg = Full_Debug|Win32
		{9E24ABE0-9B3D-4051-BA95-F0727A6165FF}.Full_Release|Win32.Build.0 = Full_Debug|Win32
		{9E24ABE0-9B3D-4051-BA95-F0727A6165FF}.Player_Debug|Win32.ActiveCfg = Player_Debug|Win32
		{9E24ABE0-9B3D-4051-BA95-F0727A6165FF}.Player_Debug|Win32.Build.0 = Player_Debug|Win32
		{9E24ABE0-9B3D-4051-BA95-F0727A6165FF}.Player_Release|Win32.ActiveCfg = Player_Release|Win32
		{9E24ABE0-9B3D-4051-BA95-F0727A6165FF}.Player_Release|Win32.Build.0 = Player_Release|Win32
	EndGlobalSection
	GlobalSection(SolutionProperties) = preSolution
		HideSolutionNode = FALSE
	EndGlobalSection
EndGlobal
