<?xml version="1.0" encoding="UTF-8" standalone="yes" ?>
<CodeBlocks_project_file>
	<FileVersion major="1" minor="6" />
	<Project>
		<Option title="IrrRPG Builder" />
		<Option pch_mode="2" />
		<Option compiler="gcc" />
		<Option virtualFolders="App/;App/;App/GUI/;App/tinyxml/;App/Effects/;DynamicObjects/;Player/;ShaderCallback/;StaticObjects/Terrain/;App/Sound/;" />
		<Build>
			<Target title="Debug">
				<Option output="bin/IrrRPG_Builder_Linux_d" prefix_auto="1" extension_auto="1" />
				<Option working_dir="bin/" />
				<Option object_output="obj/Debug/" />
				<Option type="1" />
				<Option compiler="gcc" />
				<Compiler>
					<Add option="-g" />
					<Add option="-m32" />
					<Add option="-DEDITOR" />
				</Compiler>
				<ResourceCompiler>
					<Add directory="lib" />
				</ResourceCompiler>
				<Linker>
					<Add option="-m32" />
					<Add library="irrlicht-engine/lib/Linux/libIrrlicht.a" />
					<Add library="src/lua/liblua.a" />
					<Add library="GL" />
					<Add library="./ikpFlac.so" />
					<Add library="./libIrrKlang.so" />
					<Add library="./ikpMP3.so" />
					<Add directory="irrlicht-engine/lib/Linux" />
					<Add directory="lib" />
				</Linker>
			</Target>
			<Target title="Release">
				<Option output="bin/IrrRPG_Builder_Linux" prefix_auto="1" extension_auto="1" />
				<Option working_dir="bin/" />
				<Option object_output="obj/Release/" />
				<Option type="0" />
				<Option compiler="gcc" />
				<Compiler>
					<Add option="-O2" />
					<Add option="-m32" />
					<Add option="-DEDITOR" />
					<Add option="-D_wxWIDGET" />
				</Compiler>
				<ResourceCompiler>
					<Add directory="lib" />
				</ResourceCompiler>
				<Linker>
					<Add option="-s" />
					<Add option="-m32" />
					<Add library="irrlicht-engine/lib/Linux/libIrrlicht.a" />
					<Add library="src/lua/liblua.a" />
					<Add library="GL" />
					<Add library="./ikpFlac.so" />
					<Add library="./libIrrKlang.so" />
					<Add library="./ikpMP3.so" />
					<Add directory="irrlicht-engine/lib/Linux" />
					<Add directory="lib" />
				</Linker>
			</Target>
		</Build>
		<Compiler>
			<Add option="-Wall" />
			<Add directory="irrlicht-engine/include" />
			<Add directory="src/lua" />
			<Add directory="irrlicht-engine/source/Irrlicht" />
			<Add directory="irrKlang-1.3.0/include" />
			<Add directory="/usr/local/lib/wx/include/gtk2-unicode-2.9" />
			<Add directory="/usr/local/include/wx-2.9" />
		</Compiler>
		<Unit filename="src/App.cpp">
			<Option virtualFolder="App/" />
		</Unit>
		<Unit filename="src/App.h">
			<Option virtualFolder="App/" />
		</Unit>
		<Unit filename="src/CGUIEditBoxIRB.cpp">
			<Option virtualFolder="App/GUI/" />
		</Unit>
		<Unit filename="src/CGUIEditBoxIRB.h">
			<Option virtualFolder="App/GUI/" />
		</Unit>
		<Unit filename="src/CGUIGfxStatus.cpp">
			<Option virtualFolder="App/GUI/" />
		</Unit>
		<Unit filename="src/CGUIGfxStatus.h">
			<Option virtualFolder="App/GUI/" />
		</Unit>
		<Unit filename="src/CameraSystem.cpp">
			<Option virtualFolder="App/" />
		</Unit>
		<Unit filename="src/CameraSystem.h">
			<Option virtualFolder="App/" />
		</Unit>
		<Unit filename="src/DynamicObject.cpp">
			<Option virtualFolder="DynamicObjects/" />
		</Unit>
		<Unit filename="src/DynamicObject.h">
			<Option virtualFolder="DynamicObjects/" />
		</Unit>
		<Unit filename="src/DynamicObjectsManager.cpp">
			<Option virtualFolder="DynamicObjects/" />
		</Unit>
		<Unit filename="src/DynamicObjectsManager.h">
			<Option virtualFolder="DynamicObjects/" />
		</Unit>
		<Unit filename="src/EventReceiver.cpp">
			<Option virtualFolder="App/" />
		</Unit>
		<Unit filename="src/EventReceiver.h">
			<Option virtualFolder="App/" />
		</Unit>
		<Unit filename="src/GUIConfigWindow.cpp">
			<Option virtualFolder="App/GUI/" />
		</Unit>
		<Unit filename="src/GUIConfigWindow.h">
			<Option virtualFolder="App/GUI/" />
		</Unit>
		<Unit filename="src/GUIManager.cpp">
			<Option virtualFolder="App/GUI/" />
		</Unit>
		<Unit filename="src/GUIManager.h">
			<Option virtualFolder="App/GUI/" />
		</Unit>
		<Unit filename="src/HealthSceneNode.cpp">
			<Option virtualFolder="App/GUI/" />
		</Unit>
		<Unit filename="src/HealthSceneNode.h">
			<Option virtualFolder="App/GUI/" />
		</Unit>
		<Unit filename="src/Item.cpp">
			<Option virtualFolder="App/" />
		</Unit>
		<Unit filename="src/Item.h">
			<Option virtualFolder="App/" />
		</Unit>
		<Unit filename="src/LANGManager.cpp">
			<Option virtualFolder="App/" />
		</Unit>
		<Unit filename="src/LANGManager.h">
			<Option virtualFolder="App/" />
		</Unit>
		<Unit filename="src/LuaGlobalCaller.cpp">
			<Option virtualFolder="App/" />
		</Unit>
		<Unit filename="src/LuaGlobalCaller.h">
			<Option virtualFolder="App/" />
		</Unit>
		<Unit filename="src/NodePreview.cpp">
			<Option virtualFolder="App/" />
		</Unit>
		<Unit filename="src/NodePreview.h">
			<Option virtualFolder="App/" />
		</Unit>
		<Unit filename="src/Player.cpp">
			<Option virtualFolder="Player/" />
		</Unit>
		<Unit filename="src/Player.h">
			<Option virtualFolder="Player/" />
		</Unit>
		<Unit filename="src/ShaderCallBack.cpp">
			<Option virtualFolder="ShaderCallback/" />
		</Unit>
		<Unit filename="src/ShaderCallBack.h">
			<Option virtualFolder="ShaderCallback/" />
		</Unit>
		<Unit filename="src/SoundManager.cpp">
			<Option virtualFolder="App/Sound/" />
		</Unit>
		<Unit filename="src/SoundManager.h">
			<Option virtualFolder="App/Sound/" />
		</Unit>
		<Unit filename="src/TerrainManager.cpp">
			<Option virtualFolder="StaticObjects/Terrain/" />
		</Unit>
		<Unit filename="src/TerrainManager.h">
			<Option virtualFolder="StaticObjects/Terrain/" />
		</Unit>
		<Unit filename="src/TerrainTile.cpp">
			<Option virtualFolder="StaticObjects/Terrain/" />
		</Unit>
		<Unit filename="src/TerrainTile.h">
			<Option virtualFolder="StaticObjects/Terrain/" />
		</Unit>
		<Unit filename="src/Vegetation.cpp">
			<Option virtualFolder="StaticObjects/Terrain/" />
		</Unit>
		<Unit filename="src/Vegetation.h">
			<Option virtualFolder="StaticObjects/Terrain/" />
		</Unit>
		<Unit filename="src/XMLManager.cpp">
			<Option virtualFolder="App/" />
		</Unit>
		<Unit filename="src/XMLManager.h">
			<Option virtualFolder="App/" />
		</Unit>
		<Unit filename="src/combat.cpp">
			<Option virtualFolder="DynamicObjects/" />
		</Unit>
		<Unit filename="src/combat.h">
			<Option virtualFolder="DynamicObjects/" />
		</Unit>
		<Unit filename="src/fx/EffectsManager.cpp">
			<Option virtualFolder="App/Effects/" />
		</Unit>
		<Unit filename="src/fx/EffectsManager.h">
			<Option virtualFolder="App/Effects/" />
		</Unit>
		<Unit filename="src/fx/postprocess/IPostProcess.h">
			<Option virtualFolder="App/Effects/" />
		</Unit>
		<Unit filename="src/fx/postprocess/PostProcessManager.cpp">
			<Option virtualFolder="App/Effects/" />
		</Unit>
		<Unit filename="src/fx/postprocess/PostProcessManager.h">
			<Option virtualFolder="App/Effects/" />
		</Unit>
		<Unit filename="src/fx/postprocess/ShaderMaterial.cpp">
			<Option virtualFolder="App/Effects/" />
		</Unit>
		<Unit filename="src/fx/postprocess/ShaderMaterial.h">
			<Option virtualFolder="App/Effects/" />
		</Unit>
		<Unit filename="src/fx/postprocess/ShaderPostProcess.cpp">
			<Option virtualFolder="App/Effects/" />
		</Unit>
		<Unit filename="src/fx/postprocess/ShaderPostProcess.h">
			<Option virtualFolder="App/Effects/" />
		</Unit>
		<Unit filename="src/main.cpp">
			<Option virtualFolder="App/" />
		</Unit>
		<Unit filename="src/tinyXML/convert.cpp">
			<Option virtualFolder="App/tinyxml/" />
		</Unit>
		<Unit filename="src/tinyXML/convert.h">
			<Option virtualFolder="App/tinyxml/" />
		</Unit>
		<Unit filename="src/tinyXML/tinystr.cpp">
			<Option virtualFolder="App/tinyxml/" />
		</Unit>
		<Unit filename="src/tinyXML/tinystr.h">
			<Option virtualFolder="App/tinyxml/" />
		</Unit>
		<Unit filename="src/tinyXML/tinyxml.cpp">
			<Option virtualFolder="App/tinyxml/" />
		</Unit>
		<Unit filename="src/tinyXML/tinyxml.h">
			<Option virtualFolder="App/tinyxml/" />
		</Unit>
		<Unit filename="src/tinyXML/tinyxmlerror.cpp">
			<Option virtualFolder="App/tinyxml/" />
		</Unit>
		<Unit filename="src/tinyXML/tinyxmlparser.cpp">
			<Option virtualFolder="App/tinyxml/" />
		</Unit>
		<Extensions>
			<code_completion>
				<search_path add="../irrlicht-engine/source/Irrlicht" />
				<search_path add="src/tinyXML" />
			</code_completion>
			<envvars />
			<debugger />
			<lib_finder disable_auto="1" />
			<DoxyBlocks>
				<comment_style block="0" line="0" />
				<doxyfile_project />
				<doxyfile_build />
				<doxyfile_warnings />
				<doxyfile_output />
				<doxyfile_dot />
				<general />
			</DoxyBlocks>
			<AutoVersioning>
				<Scheme minor_max="10" build_max="0" rev_max="0" rev_rand_max="10" build_times_to_increment_minor="100" />
				<Settings autoincrement="1" date_declarations="1" do_auto_increment="0" ask_to_increment="0" language="C++" svn="0" svn_directory="" header_path="version.h" />
				<Changes_Log show_changes_editor="0" app_title="released version %M.%m.%b of %p" changeslog_path="ChangesLog.txt" />
				<Code header_guard="VERSION_H" namespace="AutoVersion" prefix="" />
			</AutoVersioning>
		</Extensions>
	</Project>
</CodeBlocks_project_file>
