<?xml version="1.0" encoding="UTF-8" standalone="yes" ?>
<CodeBlocks_project_file>
	<FileVersion major="1" minor="6" />
	<Project>
		<Option title="IrrRPG Builder" />
		<Option platforms="Unix;" />
		<Option pch_mode="2" />
		<Option compiler="gcc" />
		<Option virtualFolders="App/;App/;App/tinyxml/;App/fx/;App/camera/;App/events/;App/gui/;App/objects/;App/sound/;App/terrain/;" />
		<Build>
			<Target title="Player Debug">
				<Option platforms="Unix;" />
				<Option output="bin/IrrRPG_Builder_Linux_player_debug" prefix_auto="1" extension_auto="1" />
				<Option working_dir="bin/" />
				<Option object_output="obj/PlayDeb/" />
				<Option type="1" />
				<Option compiler="gcc" />
				<Compiler>
					<Add option="-g" />
					<Add option="-m32" />
					<Add option="-Wswitch" />
				</Compiler>
				<ResourceCompiler>
					<Add directory="lib" />
				</ResourceCompiler>
				<Linker>
					<Add option="-m32" />
					<Add library="irrlicht-engine/lib/Linux/libIrrlicht.a" />
					<Add library="src/lua/liblua.a" />
					<Add library="GL" />
					<Add library="./libIrrKlang.so" />
					<Add library="./ikpFlac.so" />
					<Add library="./ikpMP3.so" />
					<Add directory="irrlicht-engine/lib/Linux" />
					<Add directory="irrKlang/lib/Linux" />
					<Add directory="lib" />
				</Linker>
			</Target>
			<Target title="Player Release">
				<Option platforms="Unix;" />
				<Option output="bin/IrrRPG_Builder_Linux_player_release" prefix_auto="1" extension_auto="1" />
				<Option working_dir="bin/" />
				<Option object_output="obj/PlayRel/" />
				<Option type="0" />
				<Option compiler="gcc" />
				<Compiler>
					<Add option="-m32" />
				</Compiler>
				<ResourceCompiler>
					<Add directory="lib" />
				</ResourceCompiler>
				<Linker>
					<Add option="-m32" />
					<Add library="irrlicht-engine/lib/Linux/libIrrlicht.a" />
					<Add library="src/lua/liblua.a" />
					<Add library="GL" />
					<Add library="./libIrrKlang.so" />
					<Add library="./ikpFlac.so" />
					<Add library="./ikpMP3.so" />
					<Add directory="irrlicht-engine/lib/Linux" />
					<Add directory="irrKlang/lib/Linux" />
					<Add directory="lib" />
				</Linker>
			</Target>
			<Target title="Standard Debug">
				<Option platforms="Unix;" />
				<Option output="bin/IrrRPG_Builder_Linux_standard_debug" prefix_auto="1" extension_auto="1" />
				<Option working_dir="bin/" />
				<Option object_output="obj/Debug/" />
				<Option type="1" />
				<Option compiler="gcc" />
				<Compiler>
					<Add option="-Wextra" />
					<Add option="-g" />
					<Add option="-m32" />
					<Add option="-DEDITOR" />
				</Compiler>
				<ResourceCompiler>
					<Add directory="lib" />
				</ResourceCompiler>
				<Linker>
					<Add option="-m32" />
					<Add library="irrlicht-engine/lib/Linux/libIrrlicht.a" />
					<Add library="src/lua/liblua.a" />
					<Add library="GL" />
					<Add library="./libIrrKlang.so" />
					<Add library="./ikpFlac.so" />
					<Add library="./ikpMP3.so" />
					<Add directory="irrlicht-engine/lib/Linux" />
					<Add directory="irrKlang/lib/Linux" />
					<Add directory="lib" />
				</Linker>
			</Target>
			<Target title="Standard Release">
				<Option platforms="Unix;" />
				<Option output="bin/IrrRPG_Builder_Linux_standard_release" prefix_auto="1" extension_auto="1" />
				<Option working_dir="bin/" />
				<Option object_output="obj/Release/" />
				<Option type="0" />
				<Option compiler="gcc" />
				<Compiler>
					<Add option="-Wextra" />
					<Add option="-m32" />
					<Add option="-DEDITOR" />
				</Compiler>
				<ResourceCompiler>
					<Add directory="lib" />
				</ResourceCompiler>
				<Linker>
					<Add option="-m32" />
					<Add library="irrlicht-engine/lib/Linux/libIrrlicht.a" />
					<Add library="src/lua/liblua.a" />
					<Add library="GL" />
					<Add library="./libIrrKlang.so" />
					<Add library="./ikpFlac.so" />
					<Add library="./ikpMP3.so" />
					<Add directory="irrlicht-engine/lib/Linux" />
					<Add directory="irrKlang/lib/Linux" />
					<Add directory="lib" />
				</Linker>
			</Target>
		</Build>
		<Compiler>
			<Add option="-Wall" />
			<Add directory="irrlicht-engine/include" />
			<Add directory="src/lua" />
			<Add directory="irrlicht-engine/source/Irrlicht" />
			<Add directory="irrKlang/include" />
		</Compiler>
		<Unit filename="src/App.cpp">
			<Option virtualFolder="App/" />
		</Unit>
		<Unit filename="src/App.h">
			<Option virtualFolder="App/" />
		</Unit>
		<Unit filename="src/LANGManager.cpp">
			<Option virtualFolder="App/" />
		</Unit>
		<Unit filename="src/LANGManager.h">
			<Option virtualFolder="App/" />
		</Unit>
		<Unit filename="src/LuaGlobalCaller.cpp">
			<Option virtualFolder="App/" />
		</Unit>
		<Unit filename="src/LuaGlobalCaller.h">
			<Option virtualFolder="App/" />
		</Unit>
		<Unit filename="src/XML_Manager.cpp">
			<Option virtualFolder="App/" />
		</Unit>
		<Unit filename="src/XML_Manager.h">
			<Option virtualFolder="App/" />
		</Unit>
		<Unit filename="src/camera/CSceneNodeAnimatorCameraMayaIRB.cpp">
			<Option virtualFolder="App/camera/" />
		</Unit>
		<Unit filename="src/camera/CSceneNodeAnimatorCameraMayaIRB.h">
			<Option virtualFolder="App/camera/" />
		</Unit>
		<Unit filename="src/camera/CameraSystem.cpp">
			<Option virtualFolder="App/camera/" />
		</Unit>
		<Unit filename="src/camera/CameraSystem.h">
			<Option virtualFolder="App/camera/" />
		</Unit>
		<Unit filename="src/events/EventReceiver.cpp">
			<Option virtualFolder="App/events/" />
		</Unit>
		<Unit filename="src/events/EventReceiver.h">
			<Option virtualFolder="App/events/" />
		</Unit>
		<Unit filename="src/fx/EffectsManager.cpp">
			<Option virtualFolder="App/fx/" />
		</Unit>
		<Unit filename="src/fx/EffectsManager.h">
			<Option virtualFolder="App/fx/" />
		</Unit>
		<Unit filename="src/fx/ShaderCallBack.cpp">
			<Option virtualFolder="App/camera/" />
		</Unit>
		<Unit filename="src/fx/ShaderCallBack.h">
			<Option virtualFolder="App/fx/" />
		</Unit>
		<Unit filename="src/fx/postprocess/IPostProcess.h">
			<Option virtualFolder="App/fx/" />
		</Unit>
		<Unit filename="src/fx/postprocess/PostProcessManager.cpp">
			<Option virtualFolder="App/fx/" />
		</Unit>
		<Unit filename="src/fx/postprocess/PostProcessManager.h">
			<Option virtualFolder="App/fx/" />
		</Unit>
		<Unit filename="src/fx/postprocess/ShaderMaterial.cpp">
			<Option virtualFolder="App/fx/" />
		</Unit>
		<Unit filename="src/fx/postprocess/ShaderMaterial.h">
			<Option virtualFolder="App/fx/" />
		</Unit>
		<Unit filename="src/fx/postprocess/ShaderPostProcess.cpp">
			<Option virtualFolder="App/fx/" />
		</Unit>
		<Unit filename="src/fx/postprocess/ShaderPostProcess.h">
			<Option virtualFolder="App/fx/" />
		</Unit>
		<Unit filename="src/gui/CGUIEditBoxIRB.cpp">
			<Option virtualFolder="App/gui/" />
		</Unit>
		<Unit filename="src/gui/CGUIEditBoxIRB.h">
			<Option virtualFolder="App/gui/" />
		</Unit>
		<Unit filename="src/gui/CGUIExtWindow.cpp">
			<Option virtualFolder="App/gui/" />
		</Unit>
		<Unit filename="src/gui/CGUIExtWindow.h">
			<Option virtualFolder="App/gui/" />
		</Unit>
		<Unit filename="src/gui/CGUIFileSelector.cpp">
			<Option virtualFolder="App/gui/" />
		</Unit>
		<Unit filename="src/gui/CGUIFileSelector.h">
			<Option virtualFolder="App/gui/" />
		</Unit>
		<Unit filename="src/gui/CGUIGfxStatus.cpp">
			<Option virtualFolder="App/gui/" />
		</Unit>
		<Unit filename="src/gui/CGUIGfxStatus.h">
			<Option virtualFolder="App/gui/" />
		</Unit>
		<Unit filename="src/gui/GUIConfigWindow.cpp">
			<Option virtualFolder="App/gui/" />
		</Unit>
		<Unit filename="src/gui/GUIConfigWindow.h">
			<Option virtualFolder="App/gui/" />
		</Unit>
		<Unit filename="src/gui/GUIManager.cpp">
			<Option virtualFolder="App/gui/" />
		</Unit>
		<Unit filename="src/gui/GUIManager.h">
			<Option virtualFolder="App/gui/" />
		</Unit>
		<Unit filename="src/gui/NodePreview.cpp">
			<Option virtualFolder="App/gui/" />
		</Unit>
		<Unit filename="src/gui/NodePreview.h">
			<Option virtualFolder="App/gui/" />
		</Unit>
		<Unit filename="src/main.cpp">
			<Option virtualFolder="App/" />
		</Unit>
		<Unit filename="src/objects/DynamicObject.cpp">
			<Option virtualFolder="App/objects/" />
		</Unit>
		<Unit filename="src/objects/DynamicObject.h">
			<Option virtualFolder="App/objects/" />
		</Unit>
		<Unit filename="src/objects/DynamicObjectsManager.cpp">
			<Option virtualFolder="App/objects/" />
		</Unit>
		<Unit filename="src/objects/DynamicObjectsManager.h">
			<Option virtualFolder="App/objects/" />
		</Unit>
		<Unit filename="src/objects/HealthSceneNode.cpp">
			<Option virtualFolder="App/objects/" />
		</Unit>
		<Unit filename="src/objects/HealthSceneNode.h">
			<Option virtualFolder="App/objects/" />
		</Unit>
		<Unit filename="src/objects/Item.cpp">
			<Option virtualFolder="App/objects/" />
		</Unit>
		<Unit filename="src/objects/Item.h">
			<Option virtualFolder="App/objects/" />
		</Unit>
		<Unit filename="src/objects/Player.cpp">
			<Option virtualFolder="App/objects/" />
		</Unit>
		<Unit filename="src/objects/Player.h">
			<Option virtualFolder="App/objects/" />
		</Unit>
		<Unit filename="src/objects/TemplateObject.cpp">
			<Option virtualFolder="App/objects/" />
		</Unit>
		<Unit filename="src/objects/TemplateObject.h">
			<Option virtualFolder="App/objects/" />
		</Unit>
		<Unit filename="src/objects/combat.cpp">
			<Option virtualFolder="App/objects/" />
		</Unit>
		<Unit filename="src/objects/combat.h">
			<Option virtualFolder="App/objects/" />
		</Unit>
		<Unit filename="src/sound/SoundManager.cpp">
			<Option virtualFolder="App/sound/" />
		</Unit>
		<Unit filename="src/sound/SoundManager.h">
			<Option virtualFolder="App/sound/" />
		</Unit>
		<Unit filename="src/terrain/TerrainManager.cpp">
			<Option virtualFolder="App/terrain/" />
		</Unit>
		<Unit filename="src/terrain/TerrainManager.h">
			<Option virtualFolder="App/terrain/" />
		</Unit>
		<Unit filename="src/terrain/TerrainTile.cpp">
			<Option virtualFolder="App/terrain/" />
		</Unit>
		<Unit filename="src/terrain/TerrainTile.h">
			<Option virtualFolder="App/terrain/" />
		</Unit>
		<Unit filename="src/terrain/Vegetation.cpp">
			<Option virtualFolder="App/terrain/" />
		</Unit>
		<Unit filename="src/terrain/Vegetation.h">
			<Option virtualFolder="App/terrain/" />
		</Unit>
		<Unit filename="src/tinyXML/convert.cpp">
			<Option virtualFolder="App/tinyxml/" />
		</Unit>
		<Unit filename="src/tinyXML/convert.h">
			<Option virtualFolder="App/tinyxml/" />
		</Unit>
		<Unit filename="src/tinyXML/tinystr.cpp">
			<Option virtualFolder="App/tinyxml/" />
		</Unit>
		<Unit filename="src/tinyXML/tinystr.h">
			<Option virtualFolder="App/tinyxml/" />
		</Unit>
		<Unit filename="src/tinyXML/tinyxml.cpp">
			<Option virtualFolder="App/tinyxml/" />
		</Unit>
		<Unit filename="src/tinyXML/tinyxml.h">
			<Option virtualFolder="App/tinyxml/" />
		</Unit>
		<Unit filename="src/tinyXML/tinyxmlerror.cpp">
			<Option virtualFolder="App/tinyxml/" />
		</Unit>
		<Unit filename="src/tinyXML/tinyxmlparser.cpp">
			<Option virtualFolder="App/tinyxml/" />
		</Unit>
		<Extensions>
			<code_completion>
				<search_path add="../irrlicht-engine/source/Irrlicht" />
				<search_path add="src/tinyXML" />
			</code_completion>
			<envvars />
			<debugger />
			<lib_finder disable_auto="1" />
			<DoxyBlocks>
				<comment_style block="0" line="0" />
				<doxyfile_project />
				<doxyfile_build />
				<doxyfile_warnings />
				<doxyfile_output />
				<doxyfile_dot />
				<general />
			</DoxyBlocks>
			<AutoVersioning>
				<Scheme minor_max="10" build_max="0" rev_max="0" rev_rand_max="10" build_times_to_increment_minor="100" />
				<Settings autoincrement="1" date_declarations="1" do_auto_increment="0" ask_to_increment="0" language="C++" svn="0" svn_directory="" header_path="version.h" />
				<Changes_Log show_changes_editor="0" app_title="released version %M.%m.%b of %p" changeslog_path="ChangesLog.txt" />
				<Code header_guard="VERSION_H" namespace="AutoVersion" prefix="" />
			</AutoVersioning>
		</Extensions>
	</Project>
</CodeBlocks_project_file>
